{
    "_meta": {
        "hash": {
            "sha256": "3acbd2cc78970cfbd5c95caa178df472dcd81ff94a9964026c6e6fe215d2d00d"
        },
        "pipfile-spec": 6,
        "requires": {
            "python_version": "3.6"
        },
        "sources": [
            {
                "name": "pypi",
                "url": "https://pypi.org/simple",
                "verify_ssl": true
            }
        ]
    },
    "default": {
        "click": {
            "hashes": [
                "sha256:29f99fc6125fbc931b758dc053b3114e55c77a6e4c6c3a2674a2dc986016381d",
                "sha256:f15516df478d5a56180fbf80e68f206010e6d160fc39fa508b65e035fd75130b"
            ],
            "version": "==6.7"
        },
        "flask": {
            "hashes": [
                "sha256:2271c0070dbcb5275fad4a82e29f23ab92682dc45f9dfbc22c02ba9b9322ce48",
                "sha256:a080b744b7e345ccfcbc77954861cb05b3c63786e93f2b3875e0913d44b43f05"
            ],
            "index": "pypi",
            "version": "==1.0.2"
        },
        "flask-cors": {
            "hashes": [
                "sha256:a1bb895b3e98b4325743149ebe0e3a0652537b8e37854f942bde7843f822f129",
                "sha256:bec996f0603a0693c0ea63c8126e5f8e966bb679cf82e6104b254e9c7f3a7d08"
            ],
            "index": "pypi",
            "version": "==3.0.4"
        },
        "gunicorn": {
            "hashes": [
                "sha256:7ef2b828b335ed58e3b64ffa84caceb0a7dd7c5ca12f217241350dec36a1d5dc",
                "sha256:bc59005979efb6d2dd7d5ba72d99f8a8422862ad17ff3a16e900684630dd2a10"
            ],
            "index": "pypi",
            "version": "==19.8.1"
        },
        "itsdangerous": {
            "hashes": [
                "sha256:cbb3fcf8d3e33df861709ecaf89d9e6629cff0a217bc2848f1b41cd30d360519"
            ],
            "version": "==0.24"
        },
        "jinja2": {
            "hashes": [
                "sha256:74c935a1b8bb9a3947c50a54766a969d4846290e1e788ea44c1392163723c3bd",
                "sha256:f84be1bb0040caca4cea721fcbbbbd61f9be9464ca236387158b0feea01914a4"
            ],
            "version": "==2.10"
        },
        "markupsafe": {
            "hashes": [
                "sha256:a6be69091dac236ea9c6bc7d012beab42010fa914c459791d627dad4910eb665"
            ],
            "version": "==1.0"
        },
        "numpy": {
            "hashes": [
                "sha256:0074d42e2cc333800bd09996223d40ec52e3b1ec0a5cab05dacc09b662c4c1ae",
                "sha256:034717bfef517858abc79324820a702dc6cd063effb9baab86533e8a78670689",
                "sha256:0db6301324d0568089663ef2701ad90ebac0e975742c97460e89366692bd0563",
                "sha256:1864d005b2eb7598063e35c320787d87730d864f40d6410f768fe4ea20672016",
                "sha256:46ce8323ca9384814c7645298b8b627b7d04ce97d6948ef02da357b2389d6972",
                "sha256:510863d606c932b41d2209e4de6157ab3fdf52001d3e4ad351103176d33c4b8b",
                "sha256:560e23a12e7599be8e8b67621396c5bc687fd54b48b890adbc71bc5a67333f86",
                "sha256:57dc6c22d59054542600fce6fae2d1189b9c50bafc1aab32e55f7efcc84a6c46",
                "sha256:760550fdf9d8ec7da9c4402a4afe6e25c0f184ae132011676298a6b636660b45",
                "sha256:8670067685051b49d1f2f66e396488064299fefca199c7c80b6ba0c639fedc98",
                "sha256:9016692c7d390f9d378fc88b7a799dc9caa7eb938163dda5276d3f3d6f75debf",
                "sha256:98ff275f1b5907490d26b30b6ff111ecf2de0254f0ab08833d8fe61aa2068a00",
                "sha256:9ccf4d5c9139b1e985db915039baa0610a7e4a45090580065f8d8cb801b7422f",
                "sha256:a8dbab311d4259de5eeaa5b4e83f5f8545e4808f9144e84c0f424a6ee55a7b98",
                "sha256:aaef1bea636b6e552bbc5dae0ada87d4f6046359daaa97a05a013b0169620f27",
                "sha256:b8987e30d9a0eb6635df9705a75cf8c4a2835590244baecf210163343bc65176",
                "sha256:c3fe23df6fe0898e788581753da453f877350058c5982e85a8972feeecb15309",
                "sha256:c5eb7254cfc4bd7a4330ad7e1f65b98343836865338c57b0e25c661e41d5cfd9",
                "sha256:c80fcf9b38c7f4df666150069b04abbd2fe42ae640703a6e1f128cda83b552b7",
                "sha256:e33baf50f2f6b7153ddb973601a11df852697fba4c08b34a5e0f39f66f8120e1",
                "sha256:e8578a62a8eaf552b95d62f630bb5dd071243ba1302bbff3e55ac48588508736",
                "sha256:f22b3206f1c561dd9110b93d144c6aaa4a9a354e3b07ad36030df3ea92c5bb5b",
                "sha256:f39afab5769b3aaa786634b94b4a23ef3c150bdda044e8a32a3fc16ddafe803b"
            ],
            "index": "pypi",
            "version": "==1.14.3"
        },
        "ortools": {
            "hashes": [
                "sha256:0aa20ff3cdad3bfafb0ab581226958e2b45da6777ca20c84c5e16a91e3219280",
                "sha256:197202c00dc6e1c0112d6a594b3fc37b8bfeae95896598b591bb6ade9e9088f4",
                "sha256:2074ab1ac3fb0b54e0fdfccc0169486bdab1818b92ce1f05397f192ce5d273ba",
                "sha256:3429c139fdf2f1e32aaeadd4a0972fb035ded40cbbd09ce0e1b2f28ad7fa8e01",
                "sha256:4255ec0ab1f91bef86feb90143dbe28b95cb51714c8751242a2020ed341c1a4d",
                "sha256:53e27983812e5a7b35f0df067360704c1911fa4e153a31bd72ad8667b8f9c29b",
                "sha256:54604b9f0e2f86e8badd35e1c6d712da6afd7b5eabd0c42df4cc0a3058317cfa",
                "sha256:590c7c6b2ef7d000333dc99d900b8848509f27ca6bfa673956a93ce096a8f8f6",
                "sha256:6745485135e5396fd55dae9162eba4f791346fb51bcca403c1ebbe066ad090e0",
                "sha256:83dbc31a19dce23466f6142e7bdc6836c816c51a0f9d0fa9d0b0d6649d42122a",
                "sha256:9b9a9fad902a387ebc6279041683780a8e59a43bf7ac81e736bcfc272281567b",
                "sha256:a7de07d2268704399caee9b4af223119d649b8edb1c7a994d274ecf681b9e3cb",
                "sha256:bf6bd29009a05f44db21a8ae28c3e72377dd929c3cd631cd095cb9ab7b265682",
                "sha256:d72e0e16d37e45e3ec3cac538b8031e4227f841aa6829356301ed90e7d05a0a8",
                "sha256:eae258eed5b3c28c367851c6870c3e9910fc1f26c52b66a620f3b934d1333645"
            ],
            "index": "pypi",
            "version": "==6.7.4973"
        },
        "protobuf": {
            "hashes": [
                "sha256:01ccd6d03449ae75b779fb5bf4ed62177d61afe3c5e6465ccf3f8b2e1a84afbe",
                "sha256:1d92cc30b0b46cced33adde5853d920179eb5ea8eecdee9552502a7f29cc3f21",
                "sha256:242e4c7ae565267a8bc8b92d707177f915607ea4bd73244bec6cbf4a49b96661",
                "sha256:3b60685732bd0cbdc802dfcb6071efbcf5d927ce3127c13c33ea1a8efae3aa76",
                "sha256:3f655e1f99c3e14d56ca900af1b9a4715b691319a295cc38939d7f77eabd5e7c",
                "sha256:560a38e692a69957a70ba0e5839aa67430efd63072bf91b0539dac19055694cd",
                "sha256:5c1c8f6a0a68a874e3beff89255959dd80fad45870e96c88944a1b81a22dd5f5",
                "sha256:628a3bf0794a8b3cabb18db11eb67cc10e0cc6e5525d557ae7b682bb73fa2018",
                "sha256:7222d6616108b33ad6cbeff8117062a73c43cdc8fa8f64f6a322ebeb663e710e",
                "sha256:76ef6ca3c50e4cfd044861586d5f1b352e0fe7f17f883df6c165bad5b4d0e10a",
                "sha256:7c193e6964e752bd056735594826c5b03274ceb8f07349d3ae47d9766250ba96",
                "sha256:869e12bcfb5759e683f53ec1dd6155b7be034065431da289f0cb4510040a0799",
                "sha256:905414e5ea6cdb78d8730f66335755152b46685fcb9fc2f2134024e3ea9e8dcc",
                "sha256:ac0067e3c60737865ed72bb7416e02297d229d960902802d874c0e167128c809",
                "sha256:adf716a89c9cc1891ead79a861c427071ef59172f0e11967b00565a9547b3bd0",
                "sha256:bcfa99f5a82f5eaaf6e5cee5bfdca5a1670f5740aec1d93dae170645ed1a16b0",
                "sha256:cc94079ae6cbcea5ae194464a30f3223f075e06a0446f52bca9ddbeb6e9f412a",
                "sha256:d5d9edfdc5a3a01d06062d677b121081629782edf0e05ca1be14f15bb947eeee",
                "sha256:e269ab7a50bf0fa6fe6a88ea7dcc7a1079ae9450d9ab9b7730ac32916d55508b",
                "sha256:e7fd33a3474cbe18fd5b5620784a0fa21fcae3e402b1806e29c6b450c7f61706"
            ],
            "version": "==3.5.2.post1"
        },
        "six": {
            "hashes": [
                "sha256:70e8a77beed4562e7f14fe23a786b54f6296e34344c23bc42f07b15018ff98e9",
                "sha256:832dc0e10feb1aa2c68dcc57dbb658f1c7e65b9b61af69048abc87a2db00a0eb"
            ],
            "version": "==1.11.0"
        },
        "werkzeug": {
            "hashes": [
                "sha256:c3fd7a7d41976d9f44db327260e263132466836cef6f91512889ed60ad26557c",
                "sha256:d5da73735293558eb1651ee2fddc4d0dedcfa06538b8813a2e20011583c9e49b"
            ],
            "version": "==0.14.1"
        }
    },
    "develop": {
        "astroid": {
            "hashes": [
                "sha256:032f6e09161e96f417ea7fad46d3fac7a9019c775f202182c22df0e4f714cb1c",
                "sha256:dea42ae6e0b789b543f728ddae7ddb6740ba33a49fb52c4a4d9cb7bb4aa6ec09"
            ],
            "version": "==1.6.4"
        },
        "autopep8": {
            "hashes": [
                "sha256:2284d4ae2052fedb9f466c09728e30d2e231cfded5ffd7b1a20c34123fdc4ba4"
            ],
            "index": "pypi",
            "version": "==1.3.5"
        },
        "colorama": {
            "hashes": [
                "sha256:463f8483208e921368c9f306094eb6f725c6ca42b0f97e313cb5d5512459feda",
                "sha256:48eb22f4f8461b1df5734a074b57042430fb06e1d61bd1e11b078c0fe6d7a1f1"
            ],
            "markers": "sys_platform == 'win32'",
            "version": "==0.3.9"
        },
        "isort": {
            "hashes": [
                "sha256:1153601da39a25b14ddc54955dbbacbb6b2d19135386699e2ad58517953b34af",
                "sha256:b9c40e9750f3d77e6e4d441d8b0266cf555e7cdabdcff33c4fd06366ca761ef8",
                "sha256:ec9ef8f4a9bc6f71eec99e1806bfa2de401650d996c59330782b89a5555c1497"
            ],
            "version": "==4.3.4"
        },
        "lazy-object-proxy": {
            "hashes": [
                "sha256:0ce34342b419bd8f018e6666bfef729aec3edf62345a53b537a4dcc115746a33",
                "sha256:1b668120716eb7ee21d8a38815e5eb3bb8211117d9a90b0f8e21722c0758cc39",
                "sha256:209615b0fe4624d79e50220ce3310ca1a9445fd8e6d3572a896e7f9146bbf019",
                "sha256:27bf62cb2b1a2068d443ff7097ee33393f8483b570b475db8ebf7e1cba64f088",
                "sha256:27ea6fd1c02dcc78172a82fc37fcc0992a94e4cecf53cb6d73f11749825bd98b",
                "sha256:2c1b21b44ac9beb0fc848d3993924147ba45c4ebc24be19825e57aabbe74a99e",
                "sha256:2df72ab12046a3496a92476020a1a0abf78b2a7db9ff4dc2036b8dd980203ae6",
                "sha256:320ffd3de9699d3892048baee45ebfbbf9388a7d65d832d7e580243ade426d2b",
                "sha256:50e3b9a464d5d08cc5227413db0d1c4707b6172e4d4d915c1c70e4de0bbff1f5",
                "sha256:5276db7ff62bb7b52f77f1f51ed58850e315154249aceb42e7f4c611f0f847ff",
                "sha256:61a6cf00dcb1a7f0c773ed4acc509cb636af2d6337a08f362413c76b2b47a8dd",
                "sha256:6ae6c4cb59f199d8827c5a07546b2ab7e85d262acaccaacd49b62f53f7c456f7",
                "sha256:7661d401d60d8bf15bb5da39e4dd72f5d764c5aff5a86ef52a042506e3e970ff",
                "sha256:7bd527f36a605c914efca5d3d014170b2cb184723e423d26b1fb2fd9108e264d",
                "sha256:7cb54db3535c8686ea12e9535eb087d32421184eacc6939ef15ef50f83a5e7e2",
                "sha256:7f3a2d740291f7f2c111d86a1c4851b70fb000a6c8883a59660d95ad57b9df35",
                "sha256:81304b7d8e9c824d058087dcb89144842c8e0dea6d281c031f59f0acf66963d4",
                "sha256:933947e8b4fbe617a51528b09851685138b49d511af0b6c0da2539115d6d4514",
                "sha256:94223d7f060301b3a8c09c9b3bc3294b56b2188e7d8179c762a1cda72c979252",
                "sha256:ab3ca49afcb47058393b0122428358d2fbe0408cf99f1b58b295cfeb4ed39109",
                "sha256:bd6292f565ca46dee4e737ebcc20742e3b5be2b01556dafe169f6c65d088875f",
                "sha256:cb924aa3e4a3fb644d0c463cad5bc2572649a6a3f68a7f8e4fbe44aaa6d77e4c",
                "sha256:d0fc7a286feac9077ec52a927fc9fe8fe2fabab95426722be4c953c9a8bede92",
                "sha256:ddc34786490a6e4ec0a855d401034cbd1242ef186c20d79d2166d6a4bd449577",
                "sha256:e34b155e36fa9da7e1b7c738ed7767fc9491a62ec6af70fe9da4a057759edc2d",
                "sha256:e5b9e8f6bda48460b7b143c3821b21b452cb3a835e6bbd5dd33aa0c8d3f5137d",
                "sha256:e81ebf6c5ee9684be8f2c87563880f93eedd56dd2b6146d8a725b50b7e5adb0f",
                "sha256:eb91be369f945f10d3a49f5f9be8b3d0b93a4c2be8f8a5b83b0571b8123e0a7a",
                "sha256:f460d1ceb0e4a5dcb2a652db0904224f367c9b3c1470d5a7683c0480e582468b"
            ],
            "version": "==1.3.1"
        },
        "mccabe": {
            "hashes": [
                "sha256:ab8a6258860da4b6677da4bd2fe5dc2c659cff31b3ee4f7f5d64e79735b80d42",
                "sha256:dd8d182285a0fe56bace7f45b5e7d1a6ebcbf524e8f3bd87eb0f125271b8831f"
            ],
            "version": "==0.6.1"
        },
        "pycodestyle": {
            "hashes": [
                "sha256:74abc4e221d393ea5ce1f129ea6903209940c1ecd29e002e8c6933c2b21026e0",
                "sha256:cbc619d09254895b0d12c2c691e237b2e91e9b2ecf5e84c26b35400f93dcfb83",
                "sha256:cbfca99bd594a10f674d0cd97a3d802a1fdef635d4361e1a2658de47ed261e3a"
            ],
            "version": "==2.4.0"
        },
        "pylint": {
            "hashes": [
                "sha256:aa519865f8890a5905fa34924fed0f3bfc7d84fc9f9142c16dac52ffecd25a39",
                "sha256:c353d8225195b37cc3aef18248b8f3fe94c5a6a95affaf885ae21a24ca31d8eb"
            ],
            "index": "pypi",
            "version": "==1.9.1"
        },
        "six": {
            "hashes": [
                "sha256:70e8a77beed4562e7f14fe23a786b54f6296e34344c23bc42f07b15018ff98e9",
                "sha256:832dc0e10feb1aa2c68dcc57dbb658f1c7e65b9b61af69048abc87a2db00a0eb"
            ],
            "version": "==1.11.0"
        },
        "wrapt": {
            "hashes": [
                "sha256:d4d560d479f2c21e1b5443bbd15fe7ec4b37fe7e53d335d3b9b0a7b1226fe3c6"
            ],
            "version": "==1.10.11"
        }
    }
}
